
Microsoft Visual Studio Solution File, Format Version 12.00
# Visual Studio 15
VisualStudioVersion = 15.0.26730.3
MinimumVisualStudioVersion = 10.0.40219.1
Project("{F184B08F-C81C-45F6-A57F-5ABD9991F28F}") = "TwainLib", "TwainLib\TwainLib.vbproj", "{04EA77A3-950C-4F55-86B7-2457E93EB2E9}"
EndProject
Project("{F184B08F-C81C-45F6-A57F-5ABD9991F28F}") = "PruebaRecepcion", "TestTwainLib\PruebaRecepcion.vbproj", "{4A16771D-4FDF-4864-A304-A0C4A175B0E3}"
EndProject
Global
	GlobalSection(SolutionConfigurationPlatforms) = preSolution
		Debug|Any CPU = Debug|Any CPU
		Release|Any CPU = Release|Any CPU
	EndGlobalSection
	GlobalSection(ProjectConfigurationPlatforms) = postSolution
		{04EA77A3-950C-4F55-86B7-2457E93EB2E9}.Debug|Any CPU.ActiveCfg = Debug|Any CPU
		{04EA77A3-950C-4F55-86B7-2457E93EB2E9}.Debug|Any CPU.Build.0 = Debug|Any CPU
		{04EA77A3-950C-4F55-86B7-2457E93EB2E9}.Release|Any CPU.ActiveCfg = Release|Any CPU
		{04EA77A3-950C-4F55-86B7-2457E93EB2E9}.Release|Any CPU.Build.0 = Release|Any CPU
		{4A16771D-4FDF-4864-A304-A0C4A175B0E3}.Debug|Any CPU.ActiveCfg = Debug|Any CPU
		{4A16771D-4FDF-4864-A304-A0C4A175B0E3}.Debug|Any CPU.Build.0 = Debug|Any CPU
		{4A16771D-4FDF-4864-A304-A0C4A175B0E3}.Release|Any CPU.ActiveCfg = Release|Any CPU
		{4A16771D-4FDF-4864-A304-A0C4A175B0E3}.Release|Any CPU.Build.0 = Release|Any CPU
	EndGlobalSection
	GlobalSection(SolutionProperties) = preSolution
		HideSolutionNode = FALSE
	EndGlobalSection
	GlobalSection(ExtensibilityGlobals) = postSolution
		SolutionGuid = {1F2F45A7-FA28-4D4E-B287-0F444A3FA9D6}
	EndGlobalSection
EndGlobal
